
Microsoft Visual Studio Solution File, Format Version 12.00
# Visual Studio Version 16
VisualStudioVersion = 16.0.29613.14
MinimumVisualStudioVersion = 10.0.40219.1
Project("{FAE04EC0-301F-11D3-BF4B-00C04F79EFBC}") = "TestReport1", "TestReport1\TestReport1.csproj", "{036CA681-08AB-4D8E-A609-514F281EF740}"
EndProject
Global
	GlobalSection(SolutionConfigurationPlatforms) = preSolution
		Debug|Any CPU = Debug|Any CPU
		Release|Any CPU = Release|Any CPU
	EndGlobalSection
	GlobalSection(ProjectConfigurationPlatforms) = postSolution
		{036CA681-08AB-4D8E-A609-514F281EF740}.Debug|Any CPU.ActiveCfg = Debug|Any CPU
		{036CA681-08AB-4D8E-A609-514F281EF740}.Debug|Any CPU.Build.0 = Debug|Any CPU
		{036CA681-08AB-4D8E-A609-514F281EF740}.Release|Any CPU.ActiveCfg = Release|Any CPU
		{036CA681-08AB-4D8E-A609-514F281EF740}.Release|Any CPU.Build.0 = Release|Any CPU
	EndGlobalSection
	GlobalSection(SolutionProperties) = preSolution
		HideSolutionNode = FALSE
	EndGlobalSection
	GlobalSection(ExtensibilityGlobals) = postSolution
		SolutionGuid = {231E3AF4-3FC5-4D83-AAEF-FEC872F639D4}
	EndGlobalSection
EndGlobal
